
Microsoft Visual Studio Solution File, Format Version 12.00
# Visual Studio 15
VisualStudioVersion = 15.0.28010.2036
MinimumVisualStudioVersion = 10.0.40219.1
Project("{9A19103F-16F7-4668-BE54-9A1E7A4F7556}") = "PricingService", "PricingService\PricingService.csproj", "{1FE999BA-76D7-4370-ACC2-7CF01D4A3010}"
EndProject
Project("{9A19103F-16F7-4668-BE54-9A1E7A4F7556}") = "PricingService.Test", "PricingService.Test\PricingService.Test.csproj", "{B403DB5E-05C1-4D8E-BF31-AEBBCB3C04D5}"
EndProject
Project("{9A19103F-16F7-4668-BE54-9A1E7A4F7556}") = "PricingService.Api", "PricingService.Api\PricingService.Api.csproj", "{77EAC85D-CE6F-4996-9ADC-932A28053D01}"
EndProject
Project("{9A19103F-16F7-4668-BE54-9A1E7A4F7556}") = "PolicyService.Api", "PolicyService.Api\PolicyService.Api.csproj", "{A2A29E24-DC5B-453D-8514-D3DDF79B284F}"
EndProject
Project("{9A19103F-16F7-4668-BE54-9A1E7A4F7556}") = "PolicyService", "PolicyService\PolicyService.csproj", "{36EC8F58-0207-4E6D-B574-C2CD24DE023C}"
EndProject
Project("{9A19103F-16F7-4668-BE54-9A1E7A4F7556}") = "PolicyService.Test", "PolicyService.Test\PolicyService.Test.csproj", "{3D15ED2D-92CD-46C4-9321-D32263809143}"
EndProject
Project("{9A19103F-16F7-4668-BE54-9A1E7A4F7556}") = "PaymentService", "PaymentService\PaymentService.csproj", "{01CDAB83-768A-4595-B1BC-94F1A5537A6D}"
EndProject
Project("{9A19103F-16F7-4668-BE54-9A1E7A4F7556}") = "PaymentService.Api", "PaymentService.Api\PaymentService.Api.csproj", "{8A8ABB83-CE27-4D3A-9DD4-28CFCDAB4F3B}"
EndProject
Project("{9A19103F-16F7-4668-BE54-9A1E7A4F7556}") = "PaymentService.Test", "PaymentService.Test\PaymentService.Test.csproj", "{3CF089DC-942E-49CF-8A08-0C742B74CAA7}"
EndProject
Project("{9A19103F-16F7-4668-BE54-9A1E7A4F7556}") = "PolicySearchService.Api", "PolicySearchService.Api\PolicySearchService.Api.csproj", "{61711E87-3DBB-42B2-BF55-A81D7C816A30}"
EndProject
Project("{9A19103F-16F7-4668-BE54-9A1E7A4F7556}") = "PolicySearchService", "PolicySearchService\PolicySearchService.csproj", "{9E236FCE-FB0A-4A79-AE5E-461F94292DC6}"
EndProject
Project("{9A19103F-16F7-4668-BE54-9A1E7A4F7556}") = "ProductService", "ProductService\ProductService.csproj", "{F833AF9A-A0B4-40D4-BBC0-4DB9019D5D90}"
EndProject
Project("{9A19103F-16F7-4668-BE54-9A1E7A4F7556}") = "ProductService.Api", "ProductService.Api\ProductService.Api.csproj", "{177B6410-E972-4FD3-B2ED-A38EB079DBB3}"
EndProject
Project("{9A19103F-16F7-4668-BE54-9A1E7A4F7556}") = "ProductService.Test", "ProductService.Test\ProductService.Test.csproj", "{AC9F548D-A656-4C89-8752-90C22960E5FA}"
EndProject
Project("{9A19103F-16F7-4668-BE54-9A1E7A4F7556}") = "AuthService", "AuthService\AuthService.csproj", "{D4978EBD-B128-4B45-B60E-D91EAC21873A}"
EndProject
Project("{9A19103F-16F7-4668-BE54-9A1E7A4F7556}") = "AgentPortalApiGateway", "AgentPortalApiGateway\AgentPortalApiGateway.csproj", "{DDD629C8-7CB8-4829-869A-2B134C7A20FA}"
EndProject
Project("{FAE04EC0-301F-11D3-BF4B-00C04F79EFBC}") = "PricingService.IntegrationTest", "PricingService.IntegrationTest\PricingService.IntegrationTest.csproj", "{B5FF5E4B-8184-4B2A-A905-D445A09362FA}"
EndProject
Project("{FAE04EC0-301F-11D3-BF4B-00C04F79EFBC}") = "ChatService", "ChatService\ChatService.csproj", "{1AEA594D-19DF-46B9-964C-B6BD11540FA2}"
EndProject
Project("{FAE04EC0-301F-11D3-BF4B-00C04F79EFBC}") = "ChatService.Api", "ChatService.Api\ChatService.Api.csproj", "{A284655C-40E8-4AFE-A8FD-5AAC4728E634}"
EndProject
Project("{FAE04EC0-301F-11D3-BF4B-00C04F79EFBC}") = "DashboardService.Api", "DashboardService.Api\DashboardService.Api.csproj", "{0371B31C-36B7-43F9-8D86-36C072B7979E}"
EndProject
Project("{FAE04EC0-301F-11D3-BF4B-00C04F79EFBC}") = "DashboardService", "DashboardService\DashboardService.csproj", "{C8B8AF36-EB9C-4C93-BB9F-0CC5D3A4411C}"
EndProject
Project("{FAE04EC0-301F-11D3-BF4B-00C04F79EFBC}") = "DashboardService.Test", "DashboardService.Test\DashboardService.Test.csproj", "{4B044FAA-8281-4936-9211-6B236890A199}"
EndProject
Global
	GlobalSection(SolutionConfigurationPlatforms) = preSolution
		Debug|Any CPU = Debug|Any CPU
		Release|Any CPU = Release|Any CPU
	EndGlobalSection
	GlobalSection(ProjectConfigurationPlatforms) = postSolution
		{1FE999BA-76D7-4370-ACC2-7CF01D4A3010}.Debug|Any CPU.ActiveCfg = Debug|Any CPU
		{1FE999BA-76D7-4370-ACC2-7CF01D4A3010}.Debug|Any CPU.Build.0 = Debug|Any CPU
		{1FE999BA-76D7-4370-ACC2-7CF01D4A3010}.Release|Any CPU.ActiveCfg = Release|Any CPU
		{1FE999BA-76D7-4370-ACC2-7CF01D4A3010}.Release|Any CPU.Build.0 = Release|Any CPU
		{B403DB5E-05C1-4D8E-BF31-AEBBCB3C04D5}.Debug|Any CPU.ActiveCfg = Debug|Any CPU
		{B403DB5E-05C1-4D8E-BF31-AEBBCB3C04D5}.Debug|Any CPU.Build.0 = Debug|Any CPU
		{B403DB5E-05C1-4D8E-BF31-AEBBCB3C04D5}.Release|Any CPU.ActiveCfg = Release|Any CPU
		{B403DB5E-05C1-4D8E-BF31-AEBBCB3C04D5}.Release|Any CPU.Build.0 = Release|Any CPU
		{77EAC85D-CE6F-4996-9ADC-932A28053D01}.Debug|Any CPU.ActiveCfg = Debug|Any CPU
		{77EAC85D-CE6F-4996-9ADC-932A28053D01}.Debug|Any CPU.Build.0 = Debug|Any CPU
		{77EAC85D-CE6F-4996-9ADC-932A28053D01}.Release|Any CPU.ActiveCfg = Release|Any CPU
		{77EAC85D-CE6F-4996-9ADC-932A28053D01}.Release|Any CPU.Build.0 = Release|Any CPU
		{A2A29E24-DC5B-453D-8514-D3DDF79B284F}.Debug|Any CPU.ActiveCfg = Debug|Any CPU
		{A2A29E24-DC5B-453D-8514-D3DDF79B284F}.Debug|Any CPU.Build.0 = Debug|Any CPU
		{A2A29E24-DC5B-453D-8514-D3DDF79B284F}.Release|Any CPU.ActiveCfg = Release|Any CPU
		{A2A29E24-DC5B-453D-8514-D3DDF79B284F}.Release|Any CPU.Build.0 = Release|Any CPU
		{36EC8F58-0207-4E6D-B574-C2CD24DE023C}.Debug|Any CPU.ActiveCfg = Debug|Any CPU
		{36EC8F58-0207-4E6D-B574-C2CD24DE023C}.Debug|Any CPU.Build.0 = Debug|Any CPU
		{36EC8F58-0207-4E6D-B574-C2CD24DE023C}.Release|Any CPU.ActiveCfg = Release|Any CPU
		{36EC8F58-0207-4E6D-B574-C2CD24DE023C}.Release|Any CPU.Build.0 = Release|Any CPU
		{3D15ED2D-92CD-46C4-9321-D32263809143}.Debug|Any CPU.ActiveCfg = Debug|Any CPU
		{3D15ED2D-92CD-46C4-9321-D32263809143}.Debug|Any CPU.Build.0 = Debug|Any CPU
		{3D15ED2D-92CD-46C4-9321-D32263809143}.Release|Any CPU.ActiveCfg = Release|Any CPU
		{3D15ED2D-92CD-46C4-9321-D32263809143}.Release|Any CPU.Build.0 = Release|Any CPU
		{01CDAB83-768A-4595-B1BC-94F1A5537A6D}.Debug|Any CPU.ActiveCfg = Debug|Any CPU
		{01CDAB83-768A-4595-B1BC-94F1A5537A6D}.Debug|Any CPU.Build.0 = Debug|Any CPU
		{01CDAB83-768A-4595-B1BC-94F1A5537A6D}.Release|Any CPU.ActiveCfg = Release|Any CPU
		{01CDAB83-768A-4595-B1BC-94F1A5537A6D}.Release|Any CPU.Build.0 = Release|Any CPU
		{8A8ABB83-CE27-4D3A-9DD4-28CFCDAB4F3B}.Debug|Any CPU.ActiveCfg = Debug|Any CPU
		{8A8ABB83-CE27-4D3A-9DD4-28CFCDAB4F3B}.Debug|Any CPU.Build.0 = Debug|Any CPU
		{8A8ABB83-CE27-4D3A-9DD4-28CFCDAB4F3B}.Release|Any CPU.ActiveCfg = Release|Any CPU
		{8A8ABB83-CE27-4D3A-9DD4-28CFCDAB4F3B}.Release|Any CPU.Build.0 = Release|Any CPU
		{3CF089DC-942E-49CF-8A08-0C742B74CAA7}.Debug|Any CPU.ActiveCfg = Debug|Any CPU
		{3CF089DC-942E-49CF-8A08-0C742B74CAA7}.Debug|Any CPU.Build.0 = Debug|Any CPU
		{3CF089DC-942E-49CF-8A08-0C742B74CAA7}.Release|Any CPU.ActiveCfg = Release|Any CPU
		{3CF089DC-942E-49CF-8A08-0C742B74CAA7}.Release|Any CPU.Build.0 = Release|Any CPU
		{61711E87-3DBB-42B2-BF55-A81D7C816A30}.Debug|Any CPU.ActiveCfg = Debug|Any CPU
		{61711E87-3DBB-42B2-BF55-A81D7C816A30}.Debug|Any CPU.Build.0 = Debug|Any CPU
		{61711E87-3DBB-42B2-BF55-A81D7C816A30}.Release|Any CPU.ActiveCfg = Release|Any CPU
		{61711E87-3DBB-42B2-BF55-A81D7C816A30}.Release|Any CPU.Build.0 = Release|Any CPU
		{9E236FCE-FB0A-4A79-AE5E-461F94292DC6}.Debug|Any CPU.ActiveCfg = Debug|Any CPU
		{9E236FCE-FB0A-4A79-AE5E-461F94292DC6}.Debug|Any CPU.Build.0 = Debug|Any CPU
		{9E236FCE-FB0A-4A79-AE5E-461F94292DC6}.Release|Any CPU.ActiveCfg = Release|Any CPU
		{9E236FCE-FB0A-4A79-AE5E-461F94292DC6}.Release|Any CPU.Build.0 = Release|Any CPU
		{F833AF9A-A0B4-40D4-BBC0-4DB9019D5D90}.Debug|Any CPU.ActiveCfg = Debug|Any CPU
		{F833AF9A-A0B4-40D4-BBC0-4DB9019D5D90}.Debug|Any CPU.Build.0 = Debug|Any CPU
		{F833AF9A-A0B4-40D4-BBC0-4DB9019D5D90}.Release|Any CPU.ActiveCfg = Release|Any CPU
		{F833AF9A-A0B4-40D4-BBC0-4DB9019D5D90}.Release|Any CPU.Build.0 = Release|Any CPU
		{177B6410-E972-4FD3-B2ED-A38EB079DBB3}.Debug|Any CPU.ActiveCfg = Debug|Any CPU
		{177B6410-E972-4FD3-B2ED-A38EB079DBB3}.Debug|Any CPU.Build.0 = Debug|Any CPU
		{177B6410-E972-4FD3-B2ED-A38EB079DBB3}.Release|Any CPU.ActiveCfg = Release|Any CPU
		{177B6410-E972-4FD3-B2ED-A38EB079DBB3}.Release|Any CPU.Build.0 = Release|Any CPU
		{AC9F548D-A656-4C89-8752-90C22960E5FA}.Debug|Any CPU.ActiveCfg = Debug|Any CPU
		{AC9F548D-A656-4C89-8752-90C22960E5FA}.Debug|Any CPU.Build.0 = Debug|Any CPU
		{AC9F548D-A656-4C89-8752-90C22960E5FA}.Release|Any CPU.ActiveCfg = Release|Any CPU
		{AC9F548D-A656-4C89-8752-90C22960E5FA}.Release|Any CPU.Build.0 = Release|Any CPU
		{D4978EBD-B128-4B45-B60E-D91EAC21873A}.Debug|Any CPU.ActiveCfg = Debug|Any CPU
		{D4978EBD-B128-4B45-B60E-D91EAC21873A}.Debug|Any CPU.Build.0 = Debug|Any CPU
		{D4978EBD-B128-4B45-B60E-D91EAC21873A}.Release|Any CPU.ActiveCfg = Release|Any CPU
		{D4978EBD-B128-4B45-B60E-D91EAC21873A}.Release|Any CPU.Build.0 = Release|Any CPU
		{DDD629C8-7CB8-4829-869A-2B134C7A20FA}.Debug|Any CPU.ActiveCfg = Debug|Any CPU
		{DDD629C8-7CB8-4829-869A-2B134C7A20FA}.Debug|Any CPU.Build.0 = Debug|Any CPU
		{DDD629C8-7CB8-4829-869A-2B134C7A20FA}.Release|Any CPU.ActiveCfg = Release|Any CPU
		{DDD629C8-7CB8-4829-869A-2B134C7A20FA}.Release|Any CPU.Build.0 = Release|Any CPU
		{B5FF5E4B-8184-4B2A-A905-D445A09362FA}.Debug|Any CPU.ActiveCfg = Debug|Any CPU
		{B5FF5E4B-8184-4B2A-A905-D445A09362FA}.Debug|Any CPU.Build.0 = Debug|Any CPU
		{B5FF5E4B-8184-4B2A-A905-D445A09362FA}.Release|Any CPU.ActiveCfg = Release|Any CPU
		{B5FF5E4B-8184-4B2A-A905-D445A09362FA}.Release|Any CPU.Build.0 = Release|Any CPU
		{1AEA594D-19DF-46B9-964C-B6BD11540FA2}.Debug|Any CPU.ActiveCfg = Debug|Any CPU
		{1AEA594D-19DF-46B9-964C-B6BD11540FA2}.Debug|Any CPU.Build.0 = Debug|Any CPU
		{1AEA594D-19DF-46B9-964C-B6BD11540FA2}.Release|Any CPU.ActiveCfg = Release|Any CPU
		{1AEA594D-19DF-46B9-964C-B6BD11540FA2}.Release|Any CPU.Build.0 = Release|Any CPU
		{A284655C-40E8-4AFE-A8FD-5AAC4728E634}.Debug|Any CPU.ActiveCfg = Debug|Any CPU
		{A284655C-40E8-4AFE-A8FD-5AAC4728E634}.Debug|Any CPU.Build.0 = Debug|Any CPU
		{A284655C-40E8-4AFE-A8FD-5AAC4728E634}.Release|Any CPU.ActiveCfg = Release|Any CPU
		{A284655C-40E8-4AFE-A8FD-5AAC4728E634}.Release|Any CPU.Build.0 = Release|Any CPU
		{0371B31C-36B7-43F9-8D86-36C072B7979E}.Debug|Any CPU.ActiveCfg = Debug|Any CPU
		{0371B31C-36B7-43F9-8D86-36C072B7979E}.Debug|Any CPU.Build.0 = Debug|Any CPU
		{0371B31C-36B7-43F9-8D86-36C072B7979E}.Release|Any CPU.ActiveCfg = Release|Any CPU
		{0371B31C-36B7-43F9-8D86-36C072B7979E}.Release|Any CPU.Build.0 = Release|Any CPU
		{C8B8AF36-EB9C-4C93-BB9F-0CC5D3A4411C}.Debug|Any CPU.ActiveCfg = Debug|Any CPU
		{C8B8AF36-EB9C-4C93-BB9F-0CC5D3A4411C}.Debug|Any CPU.Build.0 = Debug|Any CPU
		{C8B8AF36-EB9C-4C93-BB9F-0CC5D3A4411C}.Release|Any CPU.ActiveCfg = Release|Any CPU
		{C8B8AF36-EB9C-4C93-BB9F-0CC5D3A4411C}.Release|Any CPU.Build.0 = Release|Any CPU
		{4B044FAA-8281-4936-9211-6B236890A199}.Debug|Any CPU.ActiveCfg = Debug|Any CPU
		{4B044FAA-8281-4936-9211-6B236890A199}.Debug|Any CPU.Build.0 = Debug|Any CPU
		{4B044FAA-8281-4936-9211-6B236890A199}.Release|Any CPU.ActiveCfg = Release|Any CPU
		{4B044FAA-8281-4936-9211-6B236890A199}.Release|Any CPU.Build.0 = Release|Any CPU
	EndGlobalSection
	GlobalSection(SolutionProperties) = preSolution
		HideSolutionNode = FALSE
	EndGlobalSection
	GlobalSection(ExtensibilityGlobals) = postSolution
		SolutionGuid = {8EE96CFB-B280-442F-BE96-FA7B0023EB6D}
	EndGlobalSection
EndGlobal
