
Microsoft Visual Studio Solution File, Format Version 12.00
# Visual Studio Version 16
VisualStudioVersion = 16.0.30717.126
MinimumVisualStudioVersion = 10.0.40219.1
Project("{9A19103F-16F7-4668-BE54-9A1E7A4F7556}") = "AgentPortalUi.BlazorWasm", "AgentPortalUi.BlazorWasm\AgentPortalUi.BlazorWasm.csproj", "{D95567C6-CA73-4537-81E7-9C2DA3779746}"
EndProject
Global
	GlobalSection(SolutionConfigurationPlatforms) = preSolution
		Debug|Any CPU = Debug|Any CPU
		Release|Any CPU = Release|Any CPU
	EndGlobalSection
	GlobalSection(ProjectConfigurationPlatforms) = postSolution
		{D95567C6-CA73-4537-81E7-9C2DA3779746}.Debug|Any CPU.ActiveCfg = Debug|Any CPU
		{D95567C6-CA73-4537-81E7-9C2DA3779746}.Debug|Any CPU.Build.0 = Debug|Any CPU
		{D95567C6-CA73-4537-81E7-9C2DA3779746}.Release|Any CPU.ActiveCfg = Release|Any CPU
		{D95567C6-CA73-4537-81E7-9C2DA3779746}.Release|Any CPU.Build.0 = Release|Any CPU
	EndGlobalSection
	GlobalSection(SolutionProperties) = preSolution
		HideSolutionNode = FALSE
	EndGlobalSection
	GlobalSection(ExtensibilityGlobals) = postSolution
		SolutionGuid = {7C03FBC4-E49B-4D8D-8D33-A06DD35B89E4}
	EndGlobalSection
EndGlobal
